{
  "pins" : [
    {
      "identity" : "binarytree",
      "kind" : "remoteSourceControl",
      "location" : "https://github.com/swift-tree/BinaryTree.git",
      "state" : {
        "revision" : "1cf86f3f40e96a58018ce721cbea410bfbff6dce",
        "version" : "1.0.6"
      }
    },
    {
      "identity" : "expressiontree",
      "kind" : "remoteSourceControl",
      "location" : "https://github.com/swift-tree/ExpressionTree.git",
      "state" : {
        "revision" : "74de15c7d180a512681538543960ce5dfaed6bcd",
        "version" : "2.0.2"
      }
    },
    {
      "identity" : "tree",
      "kind" : "remoteSourceControl",
      "location" : "https://github.com/swift-tree/Tree.git",
      "state" : {
        "revision" : "54b722f1f74127dfc87aa74f5b96b784f831df76",
        "version" : "1.0.3"
      }
    }
  ],
  "version" : 2
}
