{
  "pins" : [
    {
      "identity" : "binarytree",
      "kind" : "remoteSourceControl",
      "location" : "https://github.com/swift-tree/BinaryTree.git",
      "state" : {
        "revision" : "c56a403ed2499d64bbfa57aafa6d3862e77376ff",
        "version" : "1.0.5"
      }
    },
    {
      "identity" : "expressiontree",
      "kind" : "remoteSourceControl",
      "location" : "https://github.com/swift-tree/ExpressionTree.git",
      "state" : {
        "revision" : "a4ccc6c735b8a503e70152f4d9c1c52dd2f3645c",
        "version" : "1.0.0"
      }
    },
    {
      "identity" : "tree",
      "kind" : "remoteSourceControl",
      "location" : "https://github.com/swift-tree/Tree.git",
      "state" : {
        "revision" : "848b252416b04bf2823bcf3dccd171be4a0a9a41",
        "version" : "1.0.2"
      }
    }
  ],
  "version" : 2
}
