{
  "pins" : [
    {
      "identity" : "binarytree",
      "kind" : "remoteSourceControl",
      "location" : "https://github.com/swift-tree/BinaryTree.git",
      "state" : {
        "revision" : "a361dedee8bd65e282d6e9afce8160b51e470309",
        "version" : "1.0.4"
      }
    },
    {
      "identity" : "expressiontree",
      "kind" : "remoteSourceControl",
      "location" : "https://github.com/swift-tree/ExpressionTree.git",
      "state" : {
        "revision" : "74f2e4869ecb1e95e6b5ea1a7cc5be7aa188f3bf",
        "version" : "0.1.7"
      }
    },
    {
      "identity" : "tree",
      "kind" : "remoteSourceControl",
      "location" : "https://github.com/swift-tree/Tree.git",
      "state" : {
        "revision" : "848b252416b04bf2823bcf3dccd171be4a0a9a41",
        "version" : "1.0.2"
      }
    }
  ],
  "version" : 2
}
